
Microsoft Visual Studio Solution File, Format Version 11.00
# Visual Studio 2010
Project("{FAE04EC0-301F-11D3-BF4B-00C04F79EFBC}") = "VertexHomePage", "VertexHomePage\VertexHomePage.csproj", "{adcc7a1a-2166-47c5-9cb2-3faa0189aad5}"
EndProject
Global
	GlobalSection(SolutionConfigurationPlatforms) = preSolution
		Debug|Any CPU = Debug|Any CPU
		Release|Any CPU = Release|Any CPU
	EndGlobalSection
	GlobalSection(ProjectConfigurationPlatforms) = postSolution
		{ADCC7A1A-2166-47C5-9CB2-3FAA0189AAD5}.Debug|Any CPU.ActiveCfg = Debug|Any CPU
		{ADCC7A1A-2166-47C5-9CB2-3FAA0189AAD5}.Debug|Any CPU.Build.0 = Debug|Any CPU
		{ADCC7A1A-2166-47C5-9CB2-3FAA0189AAD5}.Release|Any CPU.ActiveCfg = Release|Any CPU
		{ADCC7A1A-2166-47C5-9CB2-3FAA0189AAD5}.Release|Any CPU.Build.0 = Release|Any CPU
	EndGlobalSection
EndGlobal
